
Microsoft Visual Studio Solution File, Format Version 12.00
# Visual Studio Version 17
VisualStudioVersion = 17.10.35013.160
MinimumVisualStudioVersion = 10.0.40219.1
Project("{FAE04EC0-301F-11D3-BF4B-00C04F79EFBC}") = "learningcsharp", "learningcsharp\learningcsharp.csproj", "{BBDCFB84-2309-4E4A-BD57-52F75E44EB63}"
EndProject
Global
	GlobalSection(SolutionConfigurationPlatforms) = preSolution
		Debug|Any CPU = Debug|Any CPU
		Release|Any CPU = Release|Any CPU
	EndGlobalSection
	GlobalSection(ProjectConfigurationPlatforms) = postSolution
		{BBDCFB84-2309-4E4A-BD57-52F75E44EB63}.Debug|Any CPU.ActiveCfg = Debug|Any CPU
		{BBDCFB84-2309-4E4A-BD57-52F75E44EB63}.Debug|Any CPU.Build.0 = Debug|Any CPU
		{BBDCFB84-2309-4E4A-BD57-52F75E44EB63}.Release|Any CPU.ActiveCfg = Release|Any CPU
		{BBDCFB84-2309-4E4A-BD57-52F75E44EB63}.Release|Any CPU.Build.0 = Release|Any CPU
	EndGlobalSection
	GlobalSection(SolutionProperties) = preSolution
		HideSolutionNode = FALSE
	EndGlobalSection
	GlobalSection(ExtensibilityGlobals) = postSolution
		SolutionGuid = {F7FC04AD-CCE4-4050-88A2-0129DCDA9EC0}
	EndGlobalSection
EndGlobal
